
Microsoft Visual Studio Solution File, Format Version 12.00
# Visual Studio Version 16
VisualStudioVersion = 16.0.30104.148
MinimumVisualStudioVersion = 10.0.40219.1
Project("{FAE04EC0-301F-11D3-BF4B-00C04F79EFBC}") = "SimpleDICOMToolkit", "Desktop\toolkit\SimpleDICOMToolkit.csproj", "{D4D4C24F-0043-4342-89C0-38ED7052AC44}"
EndProject
Project("{FAE04EC0-301F-11D3-BF4B-00C04F79EFBC}") = "Config", "Desktop\config\Config.csproj", "{1D5EEB5B-F714-4D79-BBBC-AB29EAA74461}"
EndProject
Project("{FAE04EC0-301F-11D3-BF4B-00C04F79EFBC}") = "UIDGenerator", "Desktop\UIDGenerator\UIDGenerator.csproj", "{FC10A427-AC17-4623-A75C-EAEAA68CDDA5}"
EndProject
Project("{2150E333-8FDC-42A3-9474-1A3956D46DE8}") = "Solution Items", "Solution Items", "{55AE9D05-4DE6-4DB5-8381-7FB92B38F7F9}"
	ProjectSection(SolutionItems) = preProject
		.editorconfig = .editorconfig
		LICENSE = LICENSE
		README.md = README.md
	EndProjectSection
EndProject
Global
	GlobalSection(SolutionConfigurationPlatforms) = preSolution
		Debug|x64 = Debug|x64
		Release|x64 = Release|x64
	EndGlobalSection
	GlobalSection(ProjectConfigurationPlatforms) = postSolution
		{D4D4C24F-0043-4342-89C0-38ED7052AC44}.Debug|x64.ActiveCfg = Debug|x64
		{D4D4C24F-0043-4342-89C0-38ED7052AC44}.Debug|x64.Build.0 = Debug|x64
		{D4D4C24F-0043-4342-89C0-38ED7052AC44}.Release|x64.ActiveCfg = Release|x64
		{D4D4C24F-0043-4342-89C0-38ED7052AC44}.Release|x64.Build.0 = Release|x64
		{1D5EEB5B-F714-4D79-BBBC-AB29EAA74461}.Debug|x64.ActiveCfg = Debug|x64
		{1D5EEB5B-F714-4D79-BBBC-AB29EAA74461}.Debug|x64.Build.0 = Debug|x64
		{1D5EEB5B-F714-4D79-BBBC-AB29EAA74461}.Release|x64.ActiveCfg = Release|x64
		{1D5EEB5B-F714-4D79-BBBC-AB29EAA74461}.Release|x64.Build.0 = Release|x64
		{FC10A427-AC17-4623-A75C-EAEAA68CDDA5}.Debug|x64.ActiveCfg = Debug|x64
		{FC10A427-AC17-4623-A75C-EAEAA68CDDA5}.Debug|x64.Build.0 = Debug|x64
		{FC10A427-AC17-4623-A75C-EAEAA68CDDA5}.Release|x64.ActiveCfg = Release|x64
		{FC10A427-AC17-4623-A75C-EAEAA68CDDA5}.Release|x64.Build.0 = Release|x64
	EndGlobalSection
	GlobalSection(SolutionProperties) = preSolution
		HideSolutionNode = FALSE
	EndGlobalSection
	GlobalSection(ExtensibilityGlobals) = postSolution
		SolutionGuid = {BA6E6537-7246-4222-B294-AAF5BA6216BB}
	EndGlobalSection
EndGlobal
