
Microsoft Visual Studio Solution File, Format Version 12.00
# Visual Studio Version 16
VisualStudioVersion = 16.0.30330.147
MinimumVisualStudioVersion = 10.0.40219.1
Project("{9A19103F-16F7-4668-BE54-9A1E7A4F7556}") = "SimpleDICOMToolkit", "src\SimpleDICOMToolkit.csproj", "{3F90BAF6-F0BA-429D-9AF7-A09CB621BDF9}"
EndProject
Project("{9A19103F-16F7-4668-BE54-9A1E7A4F7556}") = "Config", "config\Config.csproj", "{F69EE7D2-35EE-4DA5-8312-4926F05AB388}"
EndProject
Project("{2150E333-8FDC-42A3-9474-1A3956D46DE8}") = "Solution Items", "Solution Items", "{FB731B54-C87F-4E71-9499-1C38D21F5DB9}"
	ProjectSection(SolutionItems) = preProject
		.editorconfig = .editorconfig
		LICENSE = LICENSE
		README.md = README.md
	EndProjectSection
EndProject
Global
	GlobalSection(SolutionConfigurationPlatforms) = preSolution
		Debug|x64 = Debug|x64
		Release|x64 = Release|x64
	EndGlobalSection
	GlobalSection(ProjectConfigurationPlatforms) = postSolution
		{3F90BAF6-F0BA-429D-9AF7-A09CB621BDF9}.Debug|x64.ActiveCfg = Debug|x64
		{3F90BAF6-F0BA-429D-9AF7-A09CB621BDF9}.Debug|x64.Build.0 = Debug|x64
		{3F90BAF6-F0BA-429D-9AF7-A09CB621BDF9}.Release|x64.ActiveCfg = Release|x64
		{3F90BAF6-F0BA-429D-9AF7-A09CB621BDF9}.Release|x64.Build.0 = Release|x64
		{F69EE7D2-35EE-4DA5-8312-4926F05AB388}.Debug|x64.ActiveCfg = Debug|x64
		{F69EE7D2-35EE-4DA5-8312-4926F05AB388}.Debug|x64.Build.0 = Debug|x64
		{F69EE7D2-35EE-4DA5-8312-4926F05AB388}.Release|x64.ActiveCfg = Release|x64
	EndGlobalSection
	GlobalSection(SolutionProperties) = preSolution
		HideSolutionNode = FALSE
	EndGlobalSection
	GlobalSection(ExtensibilityGlobals) = postSolution
		SolutionGuid = {4DDC3896-5529-4B1E-9A1C-F3A3D47F5A69}
	EndGlobalSection
EndGlobal
